<Project xmlns="http://schemas.microsoft.com/developer/msbuild/2003">
    <PropertyGroup>
        <ProjectGuid>{7d89a858-f699-47fa-a447-ea5039df9b62}</ProjectGuid>
        <MainSource>ALTRun.dpr</MainSource>
        <Configuration Condition=" '$(Configuration)' == '' ">Debug</Configuration>
        <DCC_DCCCompiler>DCC32</DCC_DCCCompiler>
        <DCC_DependencyCheckOutputName>Bin\ALTRun.exe</DCC_DependencyCheckOutputName>
        <FrameworkType>VCL</FrameworkType>
        <ProjectVersion>18.2</ProjectVersion>
        <Base>True</Base>
        <Config Condition="'$(Config)'==''">Debug</Config>
        <Platform Condition="'$(Platform)'==''">Win32</Platform>
        <TargetedPlatforms>1153</TargetedPlatforms>
        <AppType>Application</AppType>
    </PropertyGroup>
    <PropertyGroup Condition="'$(Config)'=='Base' or '$(Base)'!=''">
        <Base>true</Base>
    </PropertyGroup>
    <PropertyGroup Condition="('$(Platform)'=='Win32' and '$(Base)'=='true') or '$(Base_Win32)'!=''">
        <Base_Win32>true</Base_Win32>
        <CfgParent>Base</CfgParent>
        <Base>true</Base>
    </PropertyGroup>
    <PropertyGroup Condition="('$(Platform)'=='Win64' and '$(Base)'=='true') or '$(Base_Win64)'!=''">
        <Base_Win64>true</Base_Win64>
        <CfgParent>Base</CfgParent>
        <Base>true</Base>
    </PropertyGroup>
    <PropertyGroup Condition="'$(Config)'=='Release' or '$(Cfg_1)'!=''">
        <Cfg_1>true</Cfg_1>
        <CfgParent>Base</CfgParent>
        <Base>true</Base>
    </PropertyGroup>
    <PropertyGroup Condition="('$(Platform)'=='Win32' and '$(Cfg_1)'=='true') or '$(Cfg_1_Win32)'!=''">
        <Cfg_1_Win32>true</Cfg_1_Win32>
        <CfgParent>Cfg_1</CfgParent>
        <Cfg_1>true</Cfg_1>
        <Base>true</Base>
    </PropertyGroup>
    <PropertyGroup Condition="'$(Config)'=='Debug' or '$(Cfg_2)'!=''">
        <Cfg_2>true</Cfg_2>
        <CfgParent>Base</CfgParent>
        <Base>true</Base>
    </PropertyGroup>
    <PropertyGroup Condition="('$(Platform)'=='iOSDevice64' and '$(Cfg_2)'=='true') or '$(Cfg_2_iOSDevice64)'!=''">
        <Cfg_2_iOSDevice64>true</Cfg_2_iOSDevice64>
        <CfgParent>Cfg_2</CfgParent>
        <Cfg_2>true</Cfg_2>
        <Base>true</Base>
    </PropertyGroup>
    <PropertyGroup Condition="('$(Platform)'=='Win32' and '$(Cfg_2)'=='true') or '$(Cfg_2_Win32)'!=''">
        <Cfg_2_Win32>true</Cfg_2_Win32>
        <CfgParent>Cfg_2</CfgParent>
        <Cfg_2>true</Cfg_2>
        <Base>true</Base>
    </PropertyGroup>
    <PropertyGroup Condition="'$(Base)'!=''">
        <SanitizedProjectName>ALTRun</SanitizedProjectName>
        <DCC_Namespace>Vcl;Vcl.Imaging;Vcl.Touch;Vcl.Samples;Vcl.Shell;System;Xml;Data;Datasnap;Web;Soap;Winapi;System.Win;$(DCC_Namespace)</DCC_Namespace>
        <VerInfo_IncludeVerInfo>true</VerInfo_IncludeVerInfo>
        <VerInfo_Locale>1033</VerInfo_Locale>
        <VerInfo_Keys>CompanyName=ET Worker;FileDescription=Run shortcut with limited keystroke;FileVersion=1.0.0.0;InternalName=;LegalCopyright=Copyleft;LegalTrademarks=;OriginalFilename=;ProductName=ALTRun;ProductVersion=1.0 +;Comments=;LastCompiledTime=</VerInfo_Keys>
    </PropertyGroup>
    <PropertyGroup Condition="'$(Base_Win32)'!=''">
        <DCC_Namespace>Data.Win;Datasnap.Win;Web.Win;Soap.Win;Xml.Win;Bde;$(DCC_Namespace)</DCC_Namespace>
        <BT_BuildType>Debug</BT_BuildType>
        <VerInfo_IncludeVerInfo>true</VerInfo_IncludeVerInfo>
        <VerInfo_Keys>CompanyName=;FileDescription=$(MSBuildProjectName);FileVersion=1.0.0.0;InternalName=;LegalCopyright=;LegalTrademarks=;OriginalFilename=;ProductName=$(MSBuildProjectName);ProductVersion=1.0.0.0;Comments=;ProgramID=com.embarcadero.$(MSBuildProjectName)</VerInfo_Keys>
        <VerInfo_Locale>1033</VerInfo_Locale>
        <Manifest_File>$(BDS)\bin\default_app.manifest</Manifest_File>
        <Icon_MainIcon>ALTRun_Icon2.ico</Icon_MainIcon>
        <AppEnableRuntimeThemes>true</AppEnableRuntimeThemes>
        <UWP_DelphiLogo44>$(BDS)\bin\Artwork\Windows\UWP\delphi_UwpDefault_44.png</UWP_DelphiLogo44>
        <UWP_DelphiLogo150>$(BDS)\bin\Artwork\Windows\UWP\delphi_UwpDefault_150.png</UWP_DelphiLogo150>
    </PropertyGroup>
    <PropertyGroup Condition="'$(Base_Win64)'!=''">
        <Icon_MainIcon>ALTRun_Icon2.ico</Icon_MainIcon>
        <UWP_DelphiLogo44>$(BDS)\bin\Artwork\Windows\UWP\delphi_UwpDefault_44.png</UWP_DelphiLogo44>
        <UWP_DelphiLogo150>$(BDS)\bin\Artwork\Windows\UWP\delphi_UwpDefault_150.png</UWP_DelphiLogo150>
    </PropertyGroup>
    <PropertyGroup Condition="'$(Cfg_1)'!=''">
        <Version>7.0</Version>
        <DCC_DebugInformation>0</DCC_DebugInformation>
        <DCC_IOChecking>False</DCC_IOChecking>
        <DCC_LocalDebugSymbols>False</DCC_LocalDebugSymbols>
        <DCC_Optimize>False</DCC_Optimize>
        <DCC_SymbolReferenceInfo>0</DCC_SymbolReferenceInfo>
        <DCC_ExeOutput>Bin</DCC_ExeOutput>
        <DCC_DcuOutput>Dcu</DCC_DcuOutput>
        <DCC_ObjOutput>Dcu</DCC_ObjOutput>
        <DCC_HppOutput>Dcu</DCC_HppOutput>
        <DCC_UnitSearchPath>Form;Unit;3rdUnit\CnPack;3rdUnit\HotLog;3rdUnit\pngimage;3rdUnit\regexpr;3rdUnit\CoolTrayIcon;$(DCC_UnitSearchPath)</DCC_UnitSearchPath>
        <DCC_ResourcePath>Form;Unit;3rdUnit\CnPack;3rdUnit\HotLog;3rdUnit\pngimage;3rdUnit\regexpr;3rdUnit\CoolTrayIcon;$(DCC_ResourcePath)</DCC_ResourcePath>
        <DCC_ObjPath>Form;Unit;3rdUnit\CnPack;3rdUnit\HotLog;3rdUnit\pngimage;3rdUnit\regexpr;3rdUnit\CoolTrayIcon;$(DCC_ObjPath)</DCC_ObjPath>
        <DCC_IncludePath>Form;Unit;3rdUnit\CnPack;3rdUnit\HotLog;3rdUnit\pngimage;3rdUnit\regexpr;3rdUnit\CoolTrayIcon;$(DCC_IncludePath)</DCC_IncludePath>
        <DCC_Define>RELEASE;$(DCC_Define)</DCC_Define>
    </PropertyGroup>
    <PropertyGroup Condition="'$(Cfg_1_Win32)'!=''">
        <AppEnableRuntimeThemes>true</AppEnableRuntimeThemes>
        <AppEnableHighDPI>true</AppEnableHighDPI>
        <VerInfo_Keys>CompanyName=;FileDescription=$(MSBuildProjectName);FileVersion=1.0.0.0;InternalName=;LegalCopyright=;LegalTrademarks=;OriginalFilename=;ProductName=$(MSBuildProjectName);ProductVersion=1.0.0.0;Comments=;ProgramID=com.embarcadero.$(MSBuildProjectName)</VerInfo_Keys>
        <Icon_MainIcon>ALTRun_Icon.ico</Icon_MainIcon>
    </PropertyGroup>
    <PropertyGroup Condition="'$(Cfg_2)'!=''">
        <Version>7.0</Version>
        <DCC_IOChecking>False</DCC_IOChecking>
        <DCC_ExeOutput>Bin</DCC_ExeOutput>
        <DCC_DcuOutput>Dcu</DCC_DcuOutput>
        <DCC_ObjOutput>Dcu</DCC_ObjOutput>
        <DCC_HppOutput>Dcu</DCC_HppOutput>
        <DCC_UnitSearchPath>Form;Unit;3rdUnit\CnPack;3rdUnit\HotLog;3rdUnit\pngimage;3rdUnit\regexpr;3rdUnit\CoolTrayIcon;$(DCC_UnitSearchPath)</DCC_UnitSearchPath>
        <DCC_ResourcePath>Form;Unit;3rdUnit\CnPack;3rdUnit\HotLog;3rdUnit\pngimage;3rdUnit\regexpr;3rdUnit\CoolTrayIcon;$(DCC_ResourcePath)</DCC_ResourcePath>
        <DCC_ObjPath>Form;Unit;3rdUnit\CnPack;3rdUnit\HotLog;3rdUnit\pngimage;3rdUnit\regexpr;3rdUnit\CoolTrayIcon;$(DCC_ObjPath)</DCC_ObjPath>
        <DCC_IncludePath>Form;Unit;3rdUnit\CnPack;3rdUnit\HotLog;3rdUnit\pngimage;3rdUnit\regexpr;3rdUnit\CoolTrayIcon;$(DCC_IncludePath)</DCC_IncludePath>
        <DCC_GenerateStackFrames>True</DCC_GenerateStackFrames>
        <DCC_OutputXMLDocumentation>True</DCC_OutputXMLDocumentation>
        <DCC_Define>DEBUG;EUREKALOG;EUREKALOG_VER6;$(DCC_Define)</DCC_Define>
        <DCC_MapFile>3</DCC_MapFile>
    </PropertyGroup>
    <PropertyGroup Condition="'$(Cfg_2_iOSDevice64)'!=''">
        <BT_BuildType>Debug</BT_BuildType>
    </PropertyGroup>
    <PropertyGroup Condition="'$(Cfg_2_Win32)'!=''">
        <AppEnableRuntimeThemes>true</AppEnableRuntimeThemes>
        <AppEnableHighDPI>true</AppEnableHighDPI>
        <VerInfo_Keys>CompanyName=;FileDescription=$(MSBuildProjectName);FileVersion=1.0.0.0;InternalName=;LegalCopyright=;LegalTrademarks=;OriginalFilename=;ProductName=$(MSBuildProjectName);ProductVersion=1.0.0.0;Comments=;ProgramID=com.embarcadero.$(MSBuildProjectName)</VerInfo_Keys>
        <Icon_MainIcon>ALTRun_Icon.ico</Icon_MainIcon>
    </PropertyGroup>
    <ProjectExtensions>
        <Borland.Personality>Delphi.Personality.12</Borland.Personality>
        <Borland.ProjectType/>
        <BorlandProject>
            <Delphi.Personality>
                <Parameters>
                    <Parameters Name="UseLauncher">False</Parameters>
                    <Parameters Name="LoadAllSymbols">True</Parameters>
                    <Parameters Name="LoadUnspecifiedSymbols">False</Parameters>
                </Parameters>
                <VersionInfo>
                    <VersionInfo Name="IncludeVerInfo">True</VersionInfo>
                    <VersionInfo Name="AutoIncBuild">False</VersionInfo>
                    <VersionInfo Name="MajorVer">1</VersionInfo>
                    <VersionInfo Name="MinorVer">0</VersionInfo>
                    <VersionInfo Name="Release">0</VersionInfo>
                    <VersionInfo Name="Build">0</VersionInfo>
                    <VersionInfo Name="Debug">False</VersionInfo>
                    <VersionInfo Name="PreRelease">False</VersionInfo>
                    <VersionInfo Name="Special">False</VersionInfo>
                    <VersionInfo Name="Private">False</VersionInfo>
                    <VersionInfo Name="DLL">False</VersionInfo>
                    <VersionInfo Name="Locale">1033</VersionInfo>
                    <VersionInfo Name="CodePage">1252</VersionInfo>
                </VersionInfo>
                <VersionInfoKeys>
                    <VersionInfoKeys Name="CompanyName">ET Worker</VersionInfoKeys>
                    <VersionInfoKeys Name="FileDescription">Run shortcut with limited keystroke</VersionInfoKeys>
                    <VersionInfoKeys Name="FileVersion">1.0.0.0</VersionInfoKeys>
                    <VersionInfoKeys Name="InternalName"/>
                    <VersionInfoKeys Name="LegalCopyright">Copyleft</VersionInfoKeys>
                    <VersionInfoKeys Name="LegalTrademarks"/>
                    <VersionInfoKeys Name="OriginalFilename"/>
                    <VersionInfoKeys Name="ProductName">ALTRun</VersionInfoKeys>
                    <VersionInfoKeys Name="ProductVersion">1.0 +</VersionInfoKeys>
                    <VersionInfoKeys Name="Comments"/>
                    <VersionInfoKeys Name="LastCompiledTime"/>
                </VersionInfoKeys>
                <Excluded_Packages>
                    <Excluded_Packages Name="$(BDSBIN)\bcboffice2k250.bpl">Embarcadero C++Builder Office 2000 Servers Package</Excluded_Packages>
                    <Excluded_Packages Name="$(BDSBIN)\bcbofficexp250.bpl">Embarcadero C++Builder Office XP Servers Package</Excluded_Packages>
                    <Excluded_Packages Name="$(BDSBIN)\dcloffice2k250.bpl">Microsoft Office 2000 Sample Automation Server Wrapper Components</Excluded_Packages>
                    <Excluded_Packages Name="$(BDSBIN)\dclofficexp250.bpl">Microsoft Office XP Sample Automation Server Wrapper Components</Excluded_Packages>
                </Excluded_Packages>
                <Source>
                    <Source Name="MainSource">ALTRun.dpr</Source>
                </Source>
            </Delphi.Personality>
            <Platforms>
                <Platform value="iOSDevice64">True</Platform>
                <Platform value="Linux64">True</Platform>
                <Platform value="Win32">True</Platform>
                <Platform value="Win64">False</Platform>
            </Platforms>
            <Deployment Version="3">
                <DeployFile LocalName="Bin\ALTRun.exe" Configuration="Debug" Class="ProjectOutput">
                    <Platform Name="Win32">
                        <RemoteName>ALTRun.exe</RemoteName>
                        <Overwrite>true</Overwrite>
                    </Platform>
                </DeployFile>
                <DeployFile LocalName="ALTRun_Icon.ico" Configuration="Debug" Class="ProjectFile">
                    <Platform Name="Win32">
                        <RemoteDir>.\</RemoteDir>
                        <Overwrite>true</Overwrite>
                    </Platform>
                </DeployFile>
                <DeployClass Name="AdditionalDebugSymbols">
                    <Platform Name="iOSSimulator">
                        <Operation>1</Operation>
                    </Platform>
                    <Platform Name="OSX32">
                        <RemoteDir>Contents\MacOS</RemoteDir>
                        <Operation>1</Operation>
                    </Platform>
                    <Platform Name="Win32">
                        <RemoteDir>Contents\MacOS</RemoteDir>
                        <Operation>0</Operation>
                    </Platform>
                </DeployClass>
                <DeployClass Name="AndroidClassesDexFile">
                    <Platform Name="Android">
                        <RemoteDir>classes</RemoteDir>
                        <Operation>1</Operation>
                    </Platform>
                </DeployClass>
                <DeployClass Name="AndroidGDBServer">
                    <Platform Name="Android">
                        <RemoteDir>library\lib\armeabi-v7a</RemoteDir>
                        <Operation>1</Operation>
                    </Platform>
                </DeployClass>
                <DeployClass Name="AndroidLibnativeArmeabiFile">
                    <Platform Name="Android">
                        <RemoteDir>library\lib\armeabi</RemoteDir>
                        <Operation>1</Operation>
                    </Platform>
                </DeployClass>
                <DeployClass Name="AndroidLibnativeMipsFile">
                    <Platform Name="Android">
                        <RemoteDir>library\lib\mips</RemoteDir>
                        <Operation>1</Operation>
                    </Platform>
                </DeployClass>
                <DeployClass Name="AndroidServiceOutput">
                    <Platform Name="Android">
                        <RemoteDir>library\lib\armeabi-v7a</RemoteDir>
                        <Operation>1</Operation>
                    </Platform>
                </DeployClass>
                <DeployClass Name="AndroidSplashImageDef">
                    <Platform Name="Android">
                        <RemoteDir>res\drawable</RemoteDir>
                        <Operation>1</Operation>
                    </Platform>
                </DeployClass>
                <DeployClass Name="AndroidSplashStyles">
                    <Platform Name="Android">
                        <RemoteDir>res\values</RemoteDir>
                        <Operation>1</Operation>
                    </Platform>
                </DeployClass>
                <DeployClass Name="Android_DefaultAppIcon">
                    <Platform Name="Android">
                        <RemoteDir>res\drawable</RemoteDir>
                        <Operation>1</Operation>
                    </Platform>
                </DeployClass>
                <DeployClass Name="Android_LauncherIcon144">
                    <Platform Name="Android">
                        <RemoteDir>res\drawable-xxhdpi</RemoteDir>
                        <Operation>1</Operation>
                    </Platform>
                </DeployClass>
                <DeployClass Name="Android_LauncherIcon36">
                    <Platform Name="Android">
                        <RemoteDir>res\drawable-ldpi</RemoteDir>
                        <Operation>1</Operation>
                    </Platform>
                </DeployClass>
                <DeployClass Name="Android_LauncherIcon48">
                    <Platform Name="Android">
                        <RemoteDir>res\drawable-mdpi</RemoteDir>
                        <Operation>1</Operation>
                    </Platform>
                </DeployClass>
                <DeployClass Name="Android_LauncherIcon72">
                    <Platform Name="Android">
                        <RemoteDir>res\drawable-hdpi</RemoteDir>
                        <Operation>1</Operation>
                    </Platform>
                </DeployClass>
                <DeployClass Name="Android_LauncherIcon96">
                    <Platform Name="Android">
                        <RemoteDir>res\drawable-xhdpi</RemoteDir>
                        <Operation>1</Operation>
                    </Platform>
                </DeployClass>
                <DeployClass Name="Android_SplashImage426">
                    <Platform Name="Android">
                        <RemoteDir>res\drawable-small</RemoteDir>
                        <Operation>1</Operation>
                    </Platform>
                </DeployClass>
                <DeployClass Name="Android_SplashImage470">
                    <Platform Name="Android">
                        <RemoteDir>res\drawable-normal</RemoteDir>
                        <Operation>1</Operation>
                    </Platform>
                </DeployClass>
                <DeployClass Name="Android_SplashImage640">
                    <Platform Name="Android">
                        <RemoteDir>res\drawable-large</RemoteDir>
                        <Operation>1</Operation>
                    </Platform>
                </DeployClass>
                <DeployClass Name="Android_SplashImage960">
                    <Platform Name="Android">
                        <RemoteDir>res\drawable-xlarge</RemoteDir>
                        <Operation>1</Operation>
                    </Platform>
                </DeployClass>
                <DeployClass Name="DebugSymbols">
                    <Platform Name="iOSSimulator">
                        <Operation>1</Operation>
                    </Platform>
                    <Platform Name="OSX32">
                        <RemoteDir>Contents\MacOS</RemoteDir>
                        <Operation>1</Operation>
                    </Platform>
                    <Platform Name="Win32">
                        <Operation>0</Operation>
                    </Platform>
                </DeployClass>
                <DeployClass Name="DependencyFramework">
                    <Platform Name="OSX32">
                        <RemoteDir>Contents\MacOS</RemoteDir>
                        <Operation>1</Operation>
                        <Extensions>.framework</Extensions>
                    </Platform>
                    <Platform Name="Win32">
                        <Operation>0</Operation>
                    </Platform>
                </DeployClass>
                <DeployClass Name="DependencyModule">
                    <Platform Name="iOSDevice32">
                        <Operation>1</Operation>
                        <Extensions>.dylib</Extensions>
                    </Platform>
                    <Platform Name="iOSDevice64">
                        <Operation>1</Operation>
                        <Extensions>.dylib</Extensions>
                    </Platform>
                    <Platform Name="iOSSimulator">
                        <Operation>1</Operation>
                        <Extensions>.dylib</Extensions>
                    </Platform>
                    <Platform Name="OSX32">
                        <RemoteDir>Contents\MacOS</RemoteDir>
                        <Operation>1</Operation>
                        <Extensions>.dylib</Extensions>
                    </Platform>
                    <Platform Name="Win32">
                        <Operation>0</Operation>
                        <Extensions>.dll;.bpl</Extensions>
                    </Platform>
                </DeployClass>
                <DeployClass Required="true" Name="DependencyPackage">
                    <Platform Name="iOSDevice32">
                        <Operation>1</Operation>
                        <Extensions>.dylib</Extensions>
                    </Platform>
                    <Platform Name="iOSDevice64">
                        <Operation>1</Operation>
                        <Extensions>.dylib</Extensions>
                    </Platform>
                    <Platform Name="iOSSimulator">
                        <Operation>1</Operation>
                        <Extensions>.dylib</Extensions>
                    </Platform>
                    <Platform Name="OSX32">
                        <RemoteDir>Contents\MacOS</RemoteDir>
                        <Operation>1</Operation>
                        <Extensions>.dylib</Extensions>
                    </Platform>
                    <Platform Name="Win32">
                        <Operation>0</Operation>
                        <Extensions>.bpl</Extensions>
                    </Platform>
                </DeployClass>
                <DeployClass Name="File">
                    <Platform Name="Android">
                        <Operation>0</Operation>
                    </Platform>
                    <Platform Name="iOSDevice32">
                        <Operation>0</Operation>
                    </Platform>
                    <Platform Name="iOSDevice64">
                        <Operation>0</Operation>
                    </Platform>
                    <Platform Name="iOSSimulator">
                        <Operation>0</Operation>
                    </Platform>
                    <Platform Name="OSX32">
                        <RemoteDir>Contents\Resources\StartUp\</RemoteDir>
                        <Operation>0</Operation>
                    </Platform>
                    <Platform Name="Win32">
                        <Operation>0</Operation>
                    </Platform>
                </DeployClass>
                <DeployClass Name="iPad_Launch1024">
                    <Platform Name="iOSDevice32">
                        <Operation>1</Operation>
                    </Platform>
                    <Platform Name="iOSDevice64">
                        <Operation>1</Operation>
                    </Platform>
                    <Platform Name="iOSSimulator">
                        <Operation>1</Operation>
                    </Platform>
                </DeployClass>
                <DeployClass Name="iPad_Launch1536">
                    <Platform Name="iOSDevice32">
                        <Operation>1</Operation>
                    </Platform>
                    <Platform Name="iOSDevice64">
                        <Operation>1</Operation>
                    </Platform>
                    <Platform Name="iOSSimulator">
                        <Operation>1</Operation>
                    </Platform>
                </DeployClass>
                <DeployClass Name="iPad_Launch2048">
                    <Platform Name="iOSDevice32">
                        <Operation>1</Operation>
                    </Platform>
                    <Platform Name="iOSDevice64">
                        <Operation>1</Operation>
                    </Platform>
                    <Platform Name="iOSSimulator">
                        <Operation>1</Operation>
                    </Platform>
                </DeployClass>
                <DeployClass Name="iPad_Launch768">
                    <Platform Name="iOSDevice32">
                        <Operation>1</Operation>
                    </Platform>
                    <Platform Name="iOSDevice64">
                        <Operation>1</Operation>
                    </Platform>
                    <Platform Name="iOSSimulator">
                        <Operation>1</Operation>
                    </Platform>
                </DeployClass>
                <DeployClass Name="iPhone_Launch320">
                    <Platform Name="iOSDevice32">
                        <Operation>1</Operation>
                    </Platform>
                    <Platform Name="iOSDevice64">
                        <Operation>1</Operation>
                    </Platform>
                    <Platform Name="iOSSimulator">
                        <Operation>1</Operation>
                    </Platform>
                </DeployClass>
                <DeployClass Name="iPhone_Launch640">
                    <Platform Name="iOSDevice32">
                        <Operation>1</Operation>
                    </Platform>
                    <Platform Name="iOSDevice64">
                        <Operation>1</Operation>
                    </Platform>
                    <Platform Name="iOSSimulator">
                        <Operation>1</Operation>
                    </Platform>
                </DeployClass>
                <DeployClass Name="iPhone_Launch640x1136">
                    <Platform Name="iOSDevice32">
                        <Operation>1</Operation>
                    </Platform>
                    <Platform Name="iOSDevice64">
                        <Operation>1</Operation>
                    </Platform>
                    <Platform Name="iOSSimulator">
                        <Operation>1</Operation>
                    </Platform>
                </DeployClass>
                <DeployClass Name="ProjectAndroidManifest">
                    <Platform Name="Android">
                        <Operation>1</Operation>
                    </Platform>
                </DeployClass>
                <DeployClass Name="ProjectiOSDeviceDebug">
                    <Platform Name="iOSDevice32">
                        <RemoteDir>..\$(PROJECTNAME).app.dSYM\Contents\Resources\DWARF</RemoteDir>
                        <Operation>1</Operation>
                    </Platform>
                    <Platform Name="iOSDevice64">
                        <RemoteDir>..\$(PROJECTNAME).app.dSYM\Contents\Resources\DWARF</RemoteDir>
                        <Operation>1</Operation>
                    </Platform>
                </DeployClass>
                <DeployClass Name="ProjectiOSDeviceResourceRules">
                    <Platform Name="iOSDevice32">
                        <Operation>1</Operation>
                    </Platform>
                    <Platform Name="iOSDevice64">
                        <Operation>1</Operation>
                    </Platform>
                </DeployClass>
                <DeployClass Name="ProjectiOSEntitlements">
                    <Platform Name="iOSDevice32">
                        <RemoteDir>..\</RemoteDir>
                        <Operation>1</Operation>
                    </Platform>
                    <Platform Name="iOSDevice64">
                        <RemoteDir>..\</RemoteDir>
                        <Operation>1</Operation>
                    </Platform>
                </DeployClass>
                <DeployClass Name="ProjectiOSInfoPList">
                    <Platform Name="iOSDevice32">
                        <Operation>1</Operation>
                    </Platform>
                    <Platform Name="iOSDevice64">
                        <Operation>1</Operation>
                    </Platform>
                    <Platform Name="iOSSimulator">
                        <Operation>1</Operation>
                    </Platform>
                </DeployClass>
                <DeployClass Name="ProjectiOSResource">
                    <Platform Name="iOSDevice32">
                        <Operation>1</Operation>
                    </Platform>
                    <Platform Name="iOSDevice64">
                        <Operation>1</Operation>
                    </Platform>
                    <Platform Name="iOSSimulator">
                        <Operation>1</Operation>
                    </Platform>
                </DeployClass>
                <DeployClass Name="ProjectOSXEntitlements">
                    <Platform Name="OSX32">
                        <RemoteDir>..\</RemoteDir>
                        <Operation>1</Operation>
                    </Platform>
                </DeployClass>
                <DeployClass Name="ProjectOSXInfoPList">
                    <Platform Name="OSX32">
                        <RemoteDir>Contents</RemoteDir>
                        <Operation>1</Operation>
                    </Platform>
                </DeployClass>
                <DeployClass Name="ProjectOSXResource">
                    <Platform Name="OSX32">
                        <RemoteDir>Contents\Resources</RemoteDir>
                        <Operation>1</Operation>
                    </Platform>
                </DeployClass>
                <DeployClass Required="true" Name="ProjectOutput">
                    <Platform Name="Android">
                        <RemoteDir>library\lib\armeabi-v7a</RemoteDir>
                        <Operation>1</Operation>
                    </Platform>
                    <Platform Name="iOSDevice32">
                        <Operation>1</Operation>
                    </Platform>
                    <Platform Name="iOSDevice64">
                        <Operation>1</Operation>
                    </Platform>
                    <Platform Name="iOSSimulator">
                        <Operation>1</Operation>
                    </Platform>
                    <Platform Name="Linux64">
                        <Operation>1</Operation>
                    </Platform>
                    <Platform Name="OSX32">
                        <RemoteDir>Contents\MacOS</RemoteDir>
                        <Operation>1</Operation>
                    </Platform>
                    <Platform Name="Win32">
                        <Operation>0</Operation>
                    </Platform>
                </DeployClass>
                <DeployClass Name="ProjectUWPManifest">
                    <Platform Name="Win32">
                        <Operation>1</Operation>
                    </Platform>
                    <Platform Name="Win64">
                        <Operation>1</Operation>
                    </Platform>
                </DeployClass>
                <DeployClass Name="UWP_DelphiLogo150">
                    <Platform Name="Win32">
                        <RemoteDir>Assets</RemoteDir>
                        <Operation>1</Operation>
                    </Platform>
                    <Platform Name="Win64">
                        <RemoteDir>Assets</RemoteDir>
                        <Operation>1</Operation>
                    </Platform>
                </DeployClass>
                <DeployClass Name="UWP_DelphiLogo44">
                    <Platform Name="Win32">
                        <RemoteDir>Assets</RemoteDir>
                        <Operation>1</Operation>
                    </Platform>
                    <Platform Name="Win64">
                        <RemoteDir>Assets</RemoteDir>
                        <Operation>1</Operation>
                    </Platform>
                </DeployClass>
                <ProjectRoot Platform="iOSDevice64" Name="$(PROJECTNAME).app"/>
                <ProjectRoot Platform="Win64" Name="$(PROJECTNAME)"/>
                <ProjectRoot Platform="iOSDevice32" Name="$(PROJECTNAME).app"/>
                <ProjectRoot Platform="Linux64" Name="$(PROJECTNAME)"/>
                <ProjectRoot Platform="Win32" Name="$(PROJECTNAME)"/>
                <ProjectRoot Platform="OSX32" Name="$(PROJECTNAME).app"/>
                <ProjectRoot Platform="Android" Name="$(PROJECTNAME)"/>
                <ProjectRoot Platform="iOSSimulator" Name="$(PROJECTNAME).app"/>
            </Deployment>
        </BorlandProject>
        <ProjectFileVersion>12</ProjectFileVersion>
    </ProjectExtensions>
    <Import Project="$(BDS)\Bin\CodeGear.Delphi.Targets"/>
    <ItemGroup>
        <DelphiCompile Include="$(MainSource)">
            <MainSource>MainSource</MainSource>
        </DelphiCompile>
        <DCCReference Include="3rdUnit\pngimage\pngimage.pas"/>
        <DCCReference Include="Form\frmALTRun.pas">
            <Form>ALTRunForm</Form>
        </DCCReference>
        <DCCReference Include="Form\frmConfig.pas">
            <Form>ConfigForm</Form>
        </DCCReference>
        <DCCReference Include="Form\frmShortCut.pas">
            <Form>ShortCutForm</Form>
        </DCCReference>
        <DCCReference Include="Unit\untUtilities.pas"/>
        <DCCReference Include="Unit\untALTRunOption.pas"/>
        <DCCReference Include="Form\frmShortCutMan.pas">
            <Form>ShortCutManForm</Form>
        </DCCReference>
        <DCCReference Include="Unit\untShortCutMan.pas"/>
        <DCCReference Include="Form\frmAbout.pas">
            <Form>AboutForm</Form>
        </DCCReference>
        <DCCReference Include="Form\frmParam.pas">
            <Form>ParamForm</Form>
        </DCCReference>
        <DCCReference Include="Form\frmHelp.pas">
            <Form>HelpForm</Form>
        </DCCReference>
        <DCCReference Include="Form\frmInvalid.pas">
            <Form>InvalidForm</Form>
        </DCCReference>
        <DCCReference Include="Form\frmLang.pas">
            <Form>LangForm</Form>
        </DCCReference>
        <DCCReference Include="Form\frmAutoHide.pas">
            <Form>AutoHideForm</Form>
        </DCCReference>
        <DCCReference Include="Unit\untLogger.pas"/>
        <DCCReference Include="Unit\untClipboard.pas"/>
        <RcCompile Include="Res\ALTRun.rc">
            <Form>Res\ALTRun.res</Form>
        </RcCompile>
        <RcItem Include="ALTRun_Icon.ico">
            <ResourceType>ICON</ResourceType>
            <ResourceId>Icon_1</ResourceId>
        </RcItem>
        <BuildConfiguration Include="Debug">
            <Key>Cfg_2</Key>
            <CfgParent>Base</CfgParent>
        </BuildConfiguration>
        <BuildConfiguration Include="Base">
            <Key>Base</Key>
        </BuildConfiguration>
        <BuildConfiguration Include="Release">
            <Key>Cfg_1</Key>
            <CfgParent>Base</CfgParent>
        </BuildConfiguration>
    </ItemGroup>
    <Import Project="$(BDS)\Bin\CodeGear.Delphi.Targets" Condition="Exists('$(BDS)\Bin\CodeGear.Delphi.Targets')"/>
    <Import Project="$(APPDATA)\Embarcadero\$(BDSAPPDATABASEDIR)\$(PRODUCTVERSION)\UserTools.proj" Condition="Exists('$(APPDATA)\Embarcadero\$(BDSAPPDATABASEDIR)\$(PRODUCTVERSION)\UserTools.proj')"/>
    <Import Project="$(MSBuildProjectName).deployproj" Condition="Exists('$(MSBuildProjectName).deployproj')"/>
</Project>

<!-- EurekaLog First Line
[Exception Log]
EurekaLog Version=7007
Activate=1
Append to Log=0
AutoCrashOperation=2
boHandleSafeCallExceptions=1
boPauseBorlandThreads=0
boUseMainModuleOptions=1
Count mtCallStack_Address=1
Count mtCallStack_CallingThread=1
Count mtCallStack_Class=1
Count mtCallStack_ExceptionThread=1
Count mtCallStack_LeakCaption=1
Count mtCallStack_LeakCount=1
Count mtCallStack_LeakData=1
Count mtCallStack_LeakSize=1
Count mtCallStack_LeakType=1
Count mtCallStack_Line=1
Count mtCallStack_MainThread=1
Count mtCallStack_Name=1
Count mtCallStack_Procedure=1
Count mtCallStack_RunningThread=1
Count mtCallStack_ThreadClass=1
Count mtCallStack_ThreadID=1
Count mtCallStack_ThreadPriority=1
Count mtCallStack_Unit=1
Count mtCPU_MemoryDump=1
Count mtCPU_Registers=1
Count mtCPU_Stack=1
Count mtDialog_AsmCaption=1
Count mtDialog_AsmHeader=1
Count mtDialog_CallStackCaption=1
Count mtDialog_CallStackHeader=1
Count mtDialog_Caption=1
Count mtDialog_CopyMessage=1
Count mtDialog_CPUCaption=1
Count mtDialog_CPUHeader=1
Count mtDialog_CustomButtonCaption=1
Count mtDialog_DetailsButtonCaption=1
Count mtDialog_ErrorMsgCaption=2
Count mtDialog_GeneralCaption=1
Count mtDialog_GeneralHeader=1
Count mtDialog_ModulesCaption=1
Count mtDialog_ModulesHeader=1
Count mtDialog_OKButtonCaption=1
Count mtDialog_ProcessesCaption=1
Count mtDialog_ProcessesHeader=1
Count mtDialog_RestartButtonCaption=1
Count mtDialog_ScreenshotMessage=1
Count mtDialog_SendMessage=1
Count mtDialog_SupportMessage=1
Count mtDialog_TerminateButtonCaption=1
Count mtErrorMsgCaption=1
Count mtException_AntiFreeze=1
Count mtException_LeakMemoryOverrun=1
Count mtException_LeakMultiFree=1
Count mtFileCrackedMsg=2
Count mtInformationMsgCaption=1
Count mtInvalidEmailMsg=1
Count mtLog_ActCtrlsControlClass=1
Count mtLog_ActCtrlsControlText=1
Count mtLog_ActCtrlsFormClass=1
Count mtLog_ActCtrlsFormText=1
Count mtLog_ActCtrlsHeader=1
Count mtLog_AppCompilationDate=1
Count mtLog_AppHeader=1
Count mtLog_AppName=1
Count mtLog_AppParameters=1
Count mtLog_AppStartDate=1
Count mtLog_AppUpTime=1
Count mtLog_AppVersionNumber=1
Count mtLog_CmpDisplayDPI=1
Count mtLog_CmpDisplayMode=1
Count mtLog_CmpFreeDisk=1
Count mtLog_CmpFreeMemory=1
Count mtLog_CmpHeader=1
Count mtLog_CmpName=1
Count mtLog_CmpPrinter=1
Count mtLog_CmpProcessor=1
Count mtLog_CmpSystemUpTime=1
Count mtLog_CmpTotalDisk=1
Count mtLog_CmpTotalMemory=1
Count mtLog_CmpVideoCard=1
Count mtLog_CustInfoHeader=1
Count mtLog_ExcAddress=1
Count mtLog_ExcCount=1
Count mtLog_ExcDate=1
Count mtLog_ExcHeader=1
Count mtLog_ExcID=1
Count mtLog_ExcMessage=1
Count mtLog_ExcModuleName=1
Count mtLog_ExcModuleVersion=1
Count mtLog_ExcNote=1
Count mtLog_ExcStatus=1
Count mtLog_ExcType=1
Count mtLog_NetDHCP=1
Count mtLog_NetDNS1=1
Count mtLog_NetDNS2=1
Count mtLog_NetGateway=1
Count mtLog_NetHeader=1
Count mtLog_NetIP=1
Count mtLog_NetSubmask=1
Count mtLog_OSBuildN=1
Count mtLog_OSCharset=1
Count mtLog_OSHeader=1
Count mtLog_OSLanguage=1
Count mtLog_OSType=1
Count mtLog_OSUpdate=1
Count mtLog_UserCompany=1
Count mtLog_UserEmail=1
Count mtLog_UserHeader=1
Count mtLog_UserID=1
Count mtLog_UserName=1
Count mtLog_UserPrivileges=1
Count mtModules_Description=1
Count mtModules_Handle=1
Count mtModules_LastModified=1
Count mtModules_Name=1
Count mtModules_Path=1
Count mtModules_Size=1
Count mtModules_Version=1
Count mtMSDialog_DescriptionCaption=1
Count mtMSDialog_EmailCaption=1
Count mtMSDialog_ErrorMsgCaption=1
Count mtMSDialog_HowToReproduceCaption=1
Count mtMSDialog_NoSendButtonCaption=1
Count mtMSDialog_PleaseCaption=1
Count mtMSDialog_RestartCaption=1
Count mtMSDialog_SeeClickCaption=1
Count mtMSDialog_SeeDetailsCaption=1
Count mtMSDialog_SendButtonCaption=1
Count mtMSDialog_TerminateCaption=1
Count mtProcesses_Description=1
Count mtProcesses_ID=1
Count mtProcesses_Memory=1
Count mtProcesses_Name=1
Count mtProcesses_Path=1
Count mtProcesses_Priority=1
Count mtProcesses_Threads=1
Count mtProcesses_Version=1
Count mtQuestionMsgCaption=1
Count mtReproduceDialog_Caption=1
Count mtReproduceDialog_OKButtonCaption=1
Count mtReproduceDialog_Request=1
Count mtSend_BugClosedMsg=2
Count mtSend_FailureMsg=1
Count mtSend_InvalidInsertMsg=1
Count mtSend_InvalidLoginMsg=1
Count mtSend_InvalidModifyMsg=1
Count mtSend_InvalidSearchMsg=1
Count mtSend_InvalidSelectionMsg=1
Count mtSend_SuccessMsg=1
Count mtSend_UnknownErrorMsg=1
Count mtSendDialog_Caption=1
Count mtSendDialog_Connected=1
Count mtSendDialog_Connecting=1
Count mtSendDialog_Disconnected=1
Count mtSendDialog_Disconnecting=1
Count mtSendDialog_Login=1
Count mtSendDialog_Message=1
Count mtSendDialog_Modifying=1
Count mtSendDialog_Resolving=1
Count mtSendDialog_Searching=1
Count mtSendDialog_SelectProject=1
Count mtSendDialog_Sending=1
Count mtSendDialog_Sent=1
Count=0
csoShowBorlandThreads=1
csoShowWindowsThreads=1
DeleteMapAfterCompile=0
edoShowInDetailedMode=0
Email Address=""
EMail Message Line Count=0
Email Object=""
Email Send Options=0
Encrypt Password=""
Errors Number=32
Errors Terminate=3
ExceptionDialogType=2
Freeze Timeout=60
HTMLLayout Count=15
HTMLLine0="%U003Chtml%U003E"
HTMLLine1="  %U003Chead%U003E"
HTMLLine10="        %U003C/td%U003E"
HTMLLine11="      %U003C/tr%U003E"
HTMLLine12="    %U003C/table%U003E"
HTMLLine13="  %U003C/body%U003E"
HTMLLine14="%U003C/html%U003E"
HTMLLine2="  %U003C/head%U003E"
HTMLLine3="  %U003Cbody TopMargin=10 LeftMargin=10%U003E"
HTMLLine4="    %U003Ctable width="
HTMLLine5="      %U003Ctr%U003E"
HTMLLine6="        %U003Ctd nowrap%U003E"
HTMLLine7="          %U003Cfont face="
HTMLLine8="            %U003C%%HTML_TAG%%%U003E"
HTMLLine9="          %U003C/font%U003E"
idEurekaLog=1
idEurekaLogDetailed=1
idMSClassic=1
idStepsToReproduce=1
loAppendReproduceText=0
loCatchLeaks=0
loFreeAllLeaks=1
loHideBorlandLeaks=1
loSaveModulesAndProcessesSections=1
mtCallStack_Address0="Address"
mtCallStack_CallingThread0="Calling Thread"
mtCallStack_Class0="Class"
mtCallStack_ExceptionThread0="Exception Thread"
mtCallStack_LeakCaption0="Memory Leak"
mtCallStack_LeakCount0="Count"
mtCallStack_LeakData0="Data"
mtCallStack_LeakSize0="Total size"
mtCallStack_LeakType0="Type"
mtCallStack_Line0="Line"
mtCallStack_MainThread0="Main"
mtCallStack_Name0="Module"
mtCallStack_Procedure0="Procedure/Method"
mtCallStack_RunningThread0="Running Thread"
mtCallStack_ThreadClass0="Class"
mtCallStack_ThreadID0="ID"
mtCallStack_ThreadPriority0="Priority"
mtCallStack_Unit0="Unit"
mtCPU_MemoryDump0="Memory Dump"
mtCPU_Registers0="Registers"
mtCPU_Stack0="Stack"
mtDialog_AsmCaption0="Assembler"
mtDialog_AsmHeader0="Assembler Information"
mtDialog_CallStackCaption0="Call Stack"
mtDialog_CallStackHeader0="Call Stack Information"
mtDialog_Caption0="Error occurred"
mtDialog_CopyMessage0="%U0026Copy to Clipboard"
mtDialog_CPUCaption0="CPU"
mtDialog_CPUHeader0="CPU Information"
mtDialog_CustomButtonCaption0="%U0026Help"
mtDialog_DetailsButtonCaption0="%U0026Details"
mtDialog_ErrorMsgCaption0="An error has occurred during program execution."
mtDialog_ErrorMsgCaption1="Please read the following information for further details."
mtDialog_GeneralCaption0="General"
mtDialog_GeneralHeader0="General Information"
mtDialog_ModulesCaption0="Modules"
mtDialog_ModulesHeader0="Modules Information"
mtDialog_OKButtonCaption0="%U0026OK"
mtDialog_ProcessesCaption0="Processes"
mtDialog_ProcessesHeader0="Processes Information"
mtDialog_RestartButtonCaption0="%U0026Restart"
mtDialog_ScreenshotMessage0="%U0026Attach a Screenshot image"
mtDialog_SendMessage0="%U0026Send this error via Internet"
mtDialog_SupportMessage0="Go to the Support Page"
mtDialog_TerminateButtonCaption0="%U0026Terminate"
mtErrorMsgCaption0="Error."
mtException_AntiFreeze0="The application seems to be frozen."
mtException_LeakMemoryOverrun0="Memory Overrun leak."
mtException_LeakMultiFree0="Multi Free memory leak."
mtFileCrackedMsg0="This file is cracked."
mtFileCrackedMsg1="The application will be closed."
mtInformationMsgCaption0="Information."
mtInvalidEmailMsg0="Invalid email."
mtLog_ActCtrlsControlClass0="Control Class"
mtLog_ActCtrlsControlText0="Control Text"
mtLog_ActCtrlsFormClass0="Form Class"
mtLog_ActCtrlsFormText0="Form Text"
mtLog_ActCtrlsHeader0="Active Controls"
mtLog_AppCompilationDate0="Compilation Date"
mtLog_AppHeader0="Application"
mtLog_AppName0="Name/Description"
mtLog_AppParameters0="Parameters"
mtLog_AppStartDate0="Start Date"
mtLog_AppUpTime0="Up Time"
mtLog_AppVersionNumber0="Version Number"
mtLog_CmpDisplayDPI0="Display DPI"
mtLog_CmpDisplayMode0="Display Mode"
mtLog_CmpFreeDisk0="Free Disk"
mtLog_CmpFreeMemory0="Free Memory"
mtLog_CmpHeader0="Computer"
mtLog_CmpName0="Name"
mtLog_CmpPrinter0="Printer"
mtLog_CmpProcessor0="Processor"
mtLog_CmpSystemUpTime0="System Up Time"
mtLog_CmpTotalDisk0="Total Disk"
mtLog_CmpTotalMemory0="Total Memory"
mtLog_CmpVideoCard0="Video Card"
mtLog_CustInfoHeader0="Custom Information"
mtLog_ExcAddress0="Address"
mtLog_ExcCount0="Count"
mtLog_ExcDate0="Date"
mtLog_ExcHeader0="Exception"
mtLog_ExcID0="ID"
mtLog_ExcMessage0="Message"
mtLog_ExcModuleName0="Module Name"
mtLog_ExcModuleVersion0="Module Version"
mtLog_ExcNote0="Note"
mtLog_ExcStatus0="Status"
mtLog_ExcType0="Type"
mtLog_NetDHCP0="DHCP"
mtLog_NetDNS10="DNS 1"
mtLog_NetDNS20="DNS 2"
mtLog_NetGateway0="Gateway"
mtLog_NetHeader0="Network"
mtLog_NetIP0="IP Address"
mtLog_NetSubmask0="Submask"
mtLog_OSBuildN0="Build #"
mtLog_OSCharset0="Charset"
mtLog_OSHeader0="Operating System"
mtLog_OSLanguage0="Language"
mtLog_OSType0="Type"
mtLog_OSUpdate0="Update"
mtLog_UserCompany0="Company"
mtLog_UserEmail0="Email"
mtLog_UserHeader0="User"
mtLog_UserID0="ID"
mtLog_UserName0="Name"
mtLog_UserPrivileges0="Privileges"
mtModules_Description0="Description"
mtModules_Handle0="Handle"
mtModules_LastModified0="Modified"
mtModules_Name0="Name"
mtModules_Path0="Path"
mtModules_Size0="Size"
mtModules_Version0="Version"
mtMSDialog_DescriptionCaption0="We have created an error report that you can send to us. We will treat this report as confidential and anonymous."
mtMSDialog_EmailCaption0="Email address (optional):"
mtMSDialog_ErrorMsgCaption0="The application has encountered a problem. We are sorry for the inconvenience."
mtMSDialog_HowToReproduceCaption0="What were you doing when the problem happened (optional)?"
mtMSDialog_NoSendButtonCaption0="%U0026Don't Send"
mtMSDialog_PleaseCaption0="Please tell us about this problem."
mtMSDialog_RestartCaption0="Restart application."
mtMSDialog_SeeClickCaption0="click here."
mtMSDialog_SeeDetailsCaption0="To see what data the error report contains,"
mtMSDialog_SendButtonCaption0="%U0026Send Error Report"
mtMSDialog_TerminateCaption0="Terminate application."
mtProcesses_Description0="Description"
mtProcesses_ID0="ID"
mtProcesses_Memory0="Memory"
mtProcesses_Name0="Name"
mtProcesses_Path0="Path"
mtProcesses_Priority0="Priority"
mtProcesses_Threads0="Threads"
mtProcesses_Version0="Version"
mtQuestionMsgCaption0="Question."
mtReproduceDialog_Caption0="Request"
mtReproduceDialog_OKButtonCaption0="%U0026OK"
mtReproduceDialog_Request0="Please describe the steps to reproduce the error:"
mtSend_BugClosedMsg0="These BUG is just closed."
mtSend_BugClosedMsg1="Contact the program support to obtain an update."
mtSend_FailureMsg0="Sorry, sending the message didn't work."
mtSend_InvalidInsertMsg0="Invalid insert request."
mtSend_InvalidLoginMsg0="Invalid login request."
mtSend_InvalidModifyMsg0="Invalid modify request."
mtSend_InvalidSearchMsg0="Invalid search request."
mtSend_InvalidSelectionMsg0="Invalid selection request."
mtSend_SuccessMsg0="The message was sent successfully."
mtSend_UnknownErrorMsg0="Unknown error."
mtSendDialog_Caption0="Send."
mtSendDialog_Connected0="Connected with server."
mtSendDialog_Connecting0="Connecting with server..."
mtSendDialog_Disconnected0="Disconnected."
mtSendDialog_Disconnecting0="Disconnecting..."
mtSendDialog_Login0="Login..."
mtSendDialog_Message0="Message"
mtSendDialog_Modifying0="Modifying..."
mtSendDialog_Resolving0="Resolving DNS..."
mtSendDialog_Searching0="Searching..."
mtSendDialog_SelectProject0="Select project..."
mtSendDialog_Sending0="Sending message..."
mtSendDialog_Sent0="Message sent."
Output Path=""
ProjectID="{0B0A7B6E-7525-4A39-AB07-571C333CB12B}"
ProxyPassword=""
ProxyPort=8080
ProxyURL=""
ProxyUser=""
SMTP From="eurekalog@email.com"
SMTP Host=""
SMTP Password=""
SMTP Port=25
SMTP UserID=""
sndAddComputerNameInFileName=0
sndAddDateInFileName=0
sndSendInSeparatedThread=0
sndSendScreenshot=1
sndShowSuccessFailureMsg=0
sndUseOnlyActiveWindow=0
soActCtlsControlClass=1
soActCtlsControlText=1
soActCtlsFormClass=1
soActCtlsFormText=1
soAppCompilationDate=1
soAppName=1
soAppParameters=1
soAppStartDate=1
soAppUpTime=1
soAppVersionNumber=1
soCmpDisplayDPI=1
soCmpDisplayMode=1
soCmpFreeDisk=1
soCmpFreeMemory=1
soCmpName=1
soCmpPrinter=1
soCmpProcessor=1
soCmpSysUpTime=1
soCmpTotalDisk=1
soCmpTotalMemory=1
soCmpVideoCard=1
soExcAddress=1
soExcCount=1
soExcDate=1
soExcID=1
soExcMessage=1
soExcModuleName=1
soExcModuleVersion=1
soExcNote=1
soExcStatus=1
soExcType=1
soNetDHCP=1
soNetDNS1=1
soNetDNS2=1
soNetGateway=1
soNetIP=1
soNetSubmask=1
soOSBuildN=1
soOSCharset=1
soOSLanguage=1
soOSType=1
soOSUpdate=1
soUserCompany=1
soUserID=1
soUserPrivileges=1
TextsCollection=""
TrakerAssignTo=""
TrakerCategory=""
TrakerPassword=""
TrakerProject=""
TrakerTrialID=""
TrakerUser=""
WebPassword=""
WebPort=0
WebSendMode=0
WebURL=""
WebUserID=""
EurekaLog Last Line -->
